
Microsoft Visual Studio Solution File, Format Version 12.00
# Visual Studio 15
Project("{FAE04EC0-301F-11D3-BF4B-00C04F79EFBC}") = "Assembly-CSharp", "Assembly-CSharp.csproj", "{8FB45C1F-45E1-B038-8C33-16262D6BF2AA}"
EndProject
Project("{FAE04EC0-301F-11D3-BF4B-00C04F79EFBC}") = "Assembly-CSharp-Editor", "Assembly-CSharp-Editor.csproj", "{5BABD11D-BC8C-AA7A-5581-7DA71BD0F82E}"
EndProject
Global
	GlobalSection(SolutionConfigurationPlatforms) = preSolution
		Debug|Any CPU = Debug|Any CPU
		Release|Any CPU = Release|Any CPU
	EndGlobalSection
	GlobalSection(ProjectConfigurationPlatforms) = postSolution
		{8FB45C1F-45E1-B038-8C33-16262D6BF2AA}.Debug|Any CPU.ActiveCfg = Debug|Any CPU
		{8FB45C1F-45E1-B038-8C33-16262D6BF2AA}.Debug|Any CPU.Build.0 = Debug|Any CPU
		{8FB45C1F-45E1-B038-8C33-16262D6BF2AA}.Release|Any CPU.ActiveCfg = Release|Any CPU
		{8FB45C1F-45E1-B038-8C33-16262D6BF2AA}.Release|Any CPU.Build.0 = Release|Any CPU
		{5BABD11D-BC8C-AA7A-5581-7DA71BD0F82E}.Debug|Any CPU.ActiveCfg = Debug|Any CPU
		{5BABD11D-BC8C-AA7A-5581-7DA71BD0F82E}.Debug|Any CPU.Build.0 = Debug|Any CPU
		{5BABD11D-BC8C-AA7A-5581-7DA71BD0F82E}.Release|Any CPU.ActiveCfg = Release|Any CPU
		{5BABD11D-BC8C-AA7A-5581-7DA71BD0F82E}.Release|Any CPU.Build.0 = Release|Any CPU
	EndGlobalSection
	GlobalSection(SolutionProperties) = preSolution
		HideSolutionNode = FALSE
	EndGlobalSection
EndGlobal
